
Microsoft Visual Studio Solution File, Format Version 12.00
# Visual Studio Version 17
VisualStudioVersion = 17.14.36705.20 d17.14
MinimumVisualStudioVersion = 10.0.40219.1
Project("{FAE04EC0-301F-11D3-BF4B-00C04F79EFBC}") = "Count Vowels and Consonants", "Count Vowels and Consonants\Count Vowels and Consonants.csproj", "{FDAB11AE-02EF-48E4-A3C2-849F9548AE69}"
EndProject
Global
	GlobalSection(SolutionConfigurationPlatforms) = preSolution
		Debug|Any CPU = Debug|Any CPU
		Release|Any CPU = Release|Any CPU
	EndGlobalSection
	GlobalSection(ProjectConfigurationPlatforms) = postSolution
		{FDAB11AE-02EF-48E4-A3C2-849F9548AE69}.Debug|Any CPU.ActiveCfg = Debug|Any CPU
		{FDAB11AE-02EF-48E4-A3C2-849F9548AE69}.Debug|Any CPU.Build.0 = Debug|Any CPU
		{FDAB11AE-02EF-48E4-A3C2-849F9548AE69}.Release|Any CPU.ActiveCfg = Release|Any CPU
		{FDAB11AE-02EF-48E4-A3C2-849F9548AE69}.Release|Any CPU.Build.0 = Release|Any CPU
	EndGlobalSection
	GlobalSection(SolutionProperties) = preSolution
		HideSolutionNode = FALSE
	EndGlobalSection
	GlobalSection(ExtensibilityGlobals) = postSolution
		SolutionGuid = {BAE67302-A98D-41B0-83EB-ACAAE193B1AB}
	EndGlobalSection
EndGlobal
