
Microsoft Visual Studio Solution File, Format Version 12.00
# Visual Studio Version 17
VisualStudioVersion = 17.14.36623.8 d17.14
MinimumVisualStudioVersion = 10.0.40219.1
Project("{FAE04EC0-301F-11D3-BF4B-00C04F79EFBC}") = "Anagram Check", "Anagram Check\Anagram Check.csproj", "{6B050418-CD14-4629-91DC-F2F5DCD8B3CC}"
EndProject
Global
	GlobalSection(SolutionConfigurationPlatforms) = preSolution
		Debug|Any CPU = Debug|Any CPU
		Release|Any CPU = Release|Any CPU
	EndGlobalSection
	GlobalSection(ProjectConfigurationPlatforms) = postSolution
		{6B050418-CD14-4629-91DC-F2F5DCD8B3CC}.Debug|Any CPU.ActiveCfg = Debug|Any CPU
		{6B050418-CD14-4629-91DC-F2F5DCD8B3CC}.Debug|Any CPU.Build.0 = Debug|Any CPU
		{6B050418-CD14-4629-91DC-F2F5DCD8B3CC}.Release|Any CPU.ActiveCfg = Release|Any CPU
		{6B050418-CD14-4629-91DC-F2F5DCD8B3CC}.Release|Any CPU.Build.0 = Release|Any CPU
	EndGlobalSection
	GlobalSection(SolutionProperties) = preSolution
		HideSolutionNode = FALSE
	EndGlobalSection
	GlobalSection(ExtensibilityGlobals) = postSolution
		SolutionGuid = {191AF039-E843-4F95-B622-6BEEECAB9459}
	EndGlobalSection
EndGlobal
